
Microsoft Visual Studio Solution File, Format Version 12.00
# Visual Studio Version 17
VisualStudioVersion = 17.13.35919.96 d17.13
MinimumVisualStudioVersion = 10.0.40219.1
Project("{FAE04EC0-301F-11D3-BF4B-00C04F79EFBC}") = "postSheduler", "postSheduler.csproj", "{CEE9C01E-610F-47D1-A59A-E552B242F32A}"
EndProject
Global
	GlobalSection(SolutionConfigurationPlatforms) = preSolution
		Debug|Any CPU = Debug|Any CPU
		Release|Any CPU = Release|Any CPU
	EndGlobalSection
	GlobalSection(ProjectConfigurationPlatforms) = postSolution
		{CEE9C01E-610F-47D1-A59A-E552B242F32A}.Debug|Any CPU.ActiveCfg = Debug|Any CPU
		{CEE9C01E-610F-47D1-A59A-E552B242F32A}.Debug|Any CPU.Build.0 = Debug|Any CPU
		{CEE9C01E-610F-47D1-A59A-E552B242F32A}.Release|Any CPU.ActiveCfg = Release|Any CPU
		{CEE9C01E-610F-47D1-A59A-E552B242F32A}.Release|Any CPU.Build.0 = Release|Any CPU
	EndGlobalSection
	GlobalSection(SolutionProperties) = preSolution
		HideSolutionNode = FALSE
	EndGlobalSection
	GlobalSection(ExtensibilityGlobals) = postSolution
		SolutionGuid = {F0AC9EE9-2205-466A-B314-625FD1B4E5C9}
	EndGlobalSection
EndGlobal
